// !$*UTF8*$!
{
	archiveVersion = 1;
	classes = {
	};
	objectVersion = 50;
	objects = {

/* Begin PBXBuildFile section */
		338656F01E29BD8D2D1CC6D3 /* libPods-ehome.a in Frameworks */ = {isa = PBXBuildFile; fileRef = 6CC2B1F63BA5C35F9F4890CF /* libPods-ehome.a */; };
		700EC17C2181C98D002C99BF /* TabBarController.m in Sources */ = {isa = PBXBuildFile; fileRef = 700EC17B2181C98D002C99BF /* TabBarController.m */; };
		700EC1832181E24D002C99BF /* MineController.m in Sources */ = {isa = PBXBuildFile; fileRef = 700EC1822181E24D002C99BF /* MineController.m */; };
		700EC1862181E27B002C99BF /* NoticeController.m in Sources */ = {isa = PBXBuildFile; fileRef = 700EC1852181E27B002C99BF /* NoticeController.m */; };
		700EC1892181E289002C99BF /* HomeController.m in Sources */ = {isa = PBXBuildFile; fileRef = 700EC1882181E289002C99BF /* HomeController.m */; };
		708CA4EF21819B620060D88F /* AppDelegate.m in Sources */ = {isa = PBXBuildFile; fileRef = 708CA4EE21819B620060D88F /* AppDelegate.m */; };
		708CA4F221819B620060D88F /* ViewController.m in Sources */ = {isa = PBXBuildFile; fileRef = 708CA4F121819B620060D88F /* ViewController.m */; };
		708CA4F521819B620060D88F /* Main.storyboard in Resources */ = {isa = PBXBuildFile; fileRef = 708CA4F321819B620060D88F /* Main.storyboard */; };
		708CA4F721819B650060D88F /* Assets.xcassets in Resources */ = {isa = PBXBuildFile; fileRef = 708CA4F621819B650060D88F /* Assets.xcassets */; };
		708CA4FA21819B650060D88F /* LaunchScreen.storyboard in Resources */ = {isa = PBXBuildFile; fileRef = 708CA4F821819B650060D88F /* LaunchScreen.storyboard */; };
		708CA4FD21819B650060D88F /* main.m in Sources */ = {isa = PBXBuildFile; fileRef = 708CA4FC21819B650060D88F /* main.m */; };
/* End PBXBuildFile section */

/* Begin PBXFileReference section */
		2876A0C3AE20ED23BC2F67E4 /* Pods-ehome.debug.xcconfig */ = {isa = PBXFileReference; includeInIndex = 1; lastKnownFileType = text.xcconfig; name = "Pods-ehome.debug.xcconfig"; path = "Pods/Target Support Files/Pods-ehome/Pods-ehome.debug.xcconfig"; sourceTree = "<group>"; };
		6CC2B1F63BA5C35F9F4890CF /* libPods-ehome.a */ = {isa = PBXFileReference; explicitFileType = archive.ar; includeInIndex = 0; path = "libPods-ehome.a"; sourceTree = BUILT_PRODUCTS_DIR; };
		700EC1752181BC93002C99BF /* CommonFile.pch */ = {isa = PBXFileReference; lastKnownFileType = sourcecode.c.h; path = CommonFile.pch; sourceTree = "<group>"; };
		700EC1762181C10F002C99BF /* Macro.h */ = {isa = PBXFileReference; lastKnownFileType = sourcecode.c.h; path = Macro.h; sourceTree = "<group>"; };
		700EC17A2181C98D002C99BF /* TabBarController.h */ = {isa = PBXFileReference; lastKnownFileType = sourcecode.c.h; path = TabBarController.h; sourceTree = "<group>"; };
		700EC17B2181C98D002C99BF /* TabBarController.m */ = {isa = PBXFileReference; lastKnownFileType = sourcecode.c.objc; path = TabBarController.m; sourceTree = "<group>"; };
		700EC1812181E24D002C99BF /* MineController.h */ = {isa = PBXFileReference; lastKnownFileType = sourcecode.c.h; path = MineController.h; sourceTree = "<group>"; };
		700EC1822181E24D002C99BF /* MineController.m */ = {isa = PBXFileReference; lastKnownFileType = sourcecode.c.objc; path = MineController.m; sourceTree = "<group>"; };
		700EC1842181E27B002C99BF /* NoticeController.h */ = {isa = PBXFileReference; lastKnownFileType = sourcecode.c.h; path = NoticeController.h; sourceTree = "<group>"; };
		700EC1852181E27B002C99BF /* NoticeController.m */ = {isa = PBXFileReference; lastKnownFileType = sourcecode.c.objc; path = NoticeController.m; sourceTree = "<group>"; };
		700EC1872181E289002C99BF /* HomeController.h */ = {isa = PBXFileReference; lastKnownFileType = sourcecode.c.h; path = HomeController.h; sourceTree = "<group>"; };
		700EC1882181E289002C99BF /* HomeController.m */ = {isa = PBXFileReference; lastKnownFileType = sourcecode.c.objc; path = HomeController.m; sourceTree = "<group>"; };
		708CA4EA21819B620060D88F /* ehome.app */ = {isa = PBXFileReference; explicitFileType = wrapper.application; includeInIndex = 0; path = ehome.app; sourceTree = BUILT_PRODUCTS_DIR; };
		708CA4ED21819B620060D88F /* AppDelegate.h */ = {isa = PBXFileReference; lastKnownFileType = sourcecode.c.h; path = AppDelegate.h; sourceTree = "<group>"; };
		708CA4EE21819B620060D88F /* AppDelegate.m */ = {isa = PBXFileReference; lastKnownFileType = sourcecode.c.objc; path = AppDelegate.m; sourceTree = "<group>"; };
		708CA4F021819B620060D88F /* ViewController.h */ = {isa = PBXFileReference; lastKnownFileType = sourcecode.c.h; path = ViewController.h; sourceTree = "<group>"; };
		708CA4F121819B620060D88F /* ViewController.m */ = {isa = PBXFileReference; lastKnownFileType = sourcecode.c.objc; path = ViewController.m; sourceTree = "<group>"; };
		708CA4F421819B620060D88F /* Base */ = {isa = PBXFileReference; lastKnownFileType = file.storyboard; name = Base; path = Base.lproj/Main.storyboard; sourceTree = "<group>"; };
		708CA4F621819B650060D88F /* Assets.xcassets */ = {isa = PBXFileReference; lastKnownFileType = folder.assetcatalog; path = Assets.xcassets; sourceTree = "<group>"; };
		708CA4F921819B650060D88F /* Base */ = {isa = PBXFileReference; lastKnownFileType = file.storyboard; name = Base; path = Base.lproj/LaunchScreen.storyboard; sourceTree = "<group>"; };
		708CA4FB21819B650060D88F /* Info.plist */ = {isa = PBXFileReference; lastKnownFileType = text.plist.xml; path = Info.plist; sourceTree = "<group>"; };
		708CA4FC21819B650060D88F /* main.m */ = {isa = PBXFileReference; lastKnownFileType = sourcecode.c.objc; path = main.m; sourceTree = "<group>"; };
		E4944A51A85D84A4D7D7FCAD /* Pods-ehome.release.xcconfig */ = {isa = PBXFileReference; includeInIndex = 1; lastKnownFileType = text.xcconfig; name = "Pods-ehome.release.xcconfig"; path = "Pods/Target Support Files/Pods-ehome/Pods-ehome.release.xcconfig"; sourceTree = "<group>"; };
/* End PBXFileReference section */

/* Begin PBXFrameworksBuildPhase section */
		708CA4E721819B620060D88F /* Frameworks */ = {
			isa = PBXFrameworksBuildPhase;
			buildActionMask = 2147483647;
			files = (
				338656F01E29BD8D2D1CC6D3 /* libPods-ehome.a in Frameworks */,
			);
			runOnlyForDeploymentPostprocessing = 0;
		};
/* End PBXFrameworksBuildPhase section */

/* Begin PBXGroup section */
		700EC1772181C4D2002C99BF /* Tool */ = {
			isa = PBXGroup;
			children = (
			);
			path = Tool;
			sourceTree = "<group>";
		};
		700EC1782181C4DD002C99BF /* Source */ = {
			isa = PBXGroup;
			children = (
			);
			path = Source;
			sourceTree = "<group>";
		};
		700EC17D2181DD13002C99BF /* 党建 */ = {
			isa = PBXGroup;
			children = (
				700EC1802181DD4F002C99BF /* 我的党建 */,
				700EC17F2181DD34002C99BF /* 通知 */,
				700EC17E2181DD2C002C99BF /* 首页 */,
			);
			path = "党建";
			sourceTree = "<group>";
		};
		700EC17E2181DD2C002C99BF /* 首页 */ = {
			isa = PBXGroup;
			children = (
				700EC1872181E289002C99BF /* HomeController.h */,
				700EC1882181E289002C99BF /* HomeController.m */,
			);
			path = "首页";
			sourceTree = "<group>";
		};
		700EC17F2181DD34002C99BF /* 通知 */ = {
			isa = PBXGroup;
			children = (
				700EC1842181E27B002C99BF /* NoticeController.h */,
				700EC1852181E27B002C99BF /* NoticeController.m */,
			);
			path = "通知";
			sourceTree = "<group>";
		};
		700EC1802181DD4F002C99BF /* 我的党建 */ = {
			isa = PBXGroup;
			children = (
				700EC1812181E24D002C99BF /* MineController.h */,
				700EC1822181E24D002C99BF /* MineController.m */,
			);
			path = "我的党建";
			sourceTree = "<group>";
		};
		708CA4E121819B620060D88F = {
			isa = PBXGroup;
			children = (
				708CA4EC21819B620060D88F /* ehome */,
				708CA4EB21819B620060D88F /* Products */,
				E734D8ADE3CE6FB09109AA06 /* Pods */,
				796E0B22C1B09805071C19C9 /* Frameworks */,
			);
			sourceTree = "<group>";
		};
		708CA4EB21819B620060D88F /* Products */ = {
			isa = PBXGroup;
			children = (
				708CA4EA21819B620060D88F /* ehome.app */,
			);
			name = Products;
			sourceTree = "<group>";
		};
		708CA4EC21819B620060D88F /* ehome */ = {
			isa = PBXGroup;
			children = (
				700EC17D2181DD13002C99BF /* 党建 */,
				700EC1782181C4DD002C99BF /* Source */,
				700EC1772181C4D2002C99BF /* Tool */,
				708CA4ED21819B620060D88F /* AppDelegate.h */,
				708CA4EE21819B620060D88F /* AppDelegate.m */,
				708CA4F021819B620060D88F /* ViewController.h */,
				708CA4F121819B620060D88F /* ViewController.m */,
				708CA4F321819B620060D88F /* Main.storyboard */,
				708CA4F621819B650060D88F /* Assets.xcassets */,
				708CA4F821819B650060D88F /* LaunchScreen.storyboard */,
				708CA4FB21819B650060D88F /* Info.plist */,
				708CA4FC21819B650060D88F /* main.m */,
				700EC1752181BC93002C99BF /* CommonFile.pch */,
				700EC1762181C10F002C99BF /* Macro.h */,
				700EC17A2181C98D002C99BF /* TabBarController.h */,
				700EC17B2181C98D002C99BF /* TabBarController.m */,
			);
			path = ehome;
			sourceTree = "<group>";
		};
		796E0B22C1B09805071C19C9 /* Frameworks */ = {
			isa = PBXGroup;
			children = (
				6CC2B1F63BA5C35F9F4890CF /* libPods-ehome.a */,
			);
			name = Frameworks;
			sourceTree = "<group>";
		};
		E734D8ADE3CE6FB09109AA06 /* Pods */ = {
			isa = PBXGroup;
			children = (
				2876A0C3AE20ED23BC2F67E4 /* Pods-ehome.debug.xcconfig */,
				E4944A51A85D84A4D7D7FCAD /* Pods-ehome.release.xcconfig */,
			);
			name = Pods;
			sourceTree = "<group>";
		};
/* End PBXGroup section */

/* Begin PBXNativeTarget section */
		708CA4E921819B620060D88F /* ehome */ = {
			isa = PBXNativeTarget;
			buildConfigurationList = 708CA50021819B650060D88F /* Build configuration list for PBXNativeTarget "ehome" */;
			buildPhases = (
				16B4AF07AC78608DAB859A49 /* [CP] Check Pods Manifest.lock */,
				708CA4E621819B620060D88F /* Sources */,
				708CA4E721819B620060D88F /* Frameworks */,
				708CA4E821819B620060D88F /* Resources */,
			);
			buildRules = (
			);
			dependencies = (
			);
			name = ehome;
			productName = ehome;
			productReference = 708CA4EA21819B620060D88F /* ehome.app */;
			productType = "com.apple.product-type.application";
		};
/* End PBXNativeTarget section */

/* Begin PBXProject section */
		708CA4E221819B620060D88F /* Project object */ = {
			isa = PBXProject;
			attributes = {
				LastUpgradeCheck = 0940;
				ORGANIZATIONNAME = "刘雨春";
				TargetAttributes = {
					708CA4E921819B620060D88F = {
						CreatedOnToolsVersion = 9.4.1;
					};
				};
			};
			buildConfigurationList = 708CA4E521819B620060D88F /* Build configuration list for PBXProject "ehome" */;
			compatibilityVersion = "Xcode 9.3";
			developmentRegion = en;
			hasScannedForEncodings = 0;
			knownRegions = (
				en,
				Base,
			);
			mainGroup = 708CA4E121819B620060D88F;
			productRefGroup = 708CA4EB21819B620060D88F /* Products */;
			projectDirPath = "";
			projectRoot = "";
			targets = (
				708CA4E921819B620060D88F /* ehome */,
			);
		};
/* End PBXProject section */

/* Begin PBXResourcesBuildPhase section */
		708CA4E821819B620060D88F /* Resources */ = {
			isa = PBXResourcesBuildPhase;
			buildActionMask = 2147483647;
			files = (
				708CA4FA21819B650060D88F /* LaunchScreen.storyboard in Resources */,
				708CA4F721819B650060D88F /* Assets.xcassets in Resources */,
				708CA4F521819B620060D88F /* Main.storyboard in Resources */,
			);
			runOnlyForDeploymentPostprocessing = 0;
		};
/* End PBXResourcesBuildPhase section */

/* Begin PBXShellScriptBuildPhase section */
		16B4AF07AC78608DAB859A49 /* [CP] Check Pods Manifest.lock */ = {
			isa = PBXShellScriptBuildPhase;
			buildActionMask = 2147483647;
			files = (
			);
			inputPaths = (
				"${PODS_PODFILE_DIR_PATH}/Podfile.lock",
				"${PODS_ROOT}/Manifest.lock",
			);
			name = "[CP] Check Pods Manifest.lock";
			outputPaths = (
				"$(DERIVED_FILE_DIR)/Pods-ehome-checkManifestLockResult.txt",
			);
			runOnlyForDeploymentPostprocessing = 0;
			shellPath = /bin/sh;
			shellScript = "diff \"${PODS_PODFILE_DIR_PATH}/Podfile.lock\" \"${PODS_ROOT}/Manifest.lock\" > /dev/null\nif [ $? != 0 ] ; then\n    # print error to STDERR\n    echo \"error: The sandbox is not in sync with the Podfile.lock. Run 'pod install' or update your CocoaPods installation.\" >&2\n    exit 1\nfi\n# This output is used by Xcode 'outputs' to avoid re-running this script phase.\necho \"SUCCESS\" > \"${SCRIPT_OUTPUT_FILE_0}\"\n";
			showEnvVarsInLog = 0;
		};
/* End PBXShellScriptBuildPhase section */

/* Begin PBXSourcesBuildPhase section */
		708CA4E621819B620060D88F /* Sources */ = {
			isa = PBXSourcesBuildPhase;
			buildActionMask = 2147483647;
			files = (
				708CA4F221819B620060D88F /* ViewController.m in Sources */,
				700EC1892181E289002C99BF /* HomeController.m in Sources */,
				700EC17C2181C98D002C99BF /* TabBarController.m in Sources */,
				708CA4FD21819B650060D88F /* main.m in Sources */,
				700EC1832181E24D002C99BF /* MineController.m in Sources */,
				708CA4EF21819B620060D88F /* AppDelegate.m in Sources */,
				700EC1862181E27B002C99BF /* NoticeController.m in Sources */,
			);
			runOnlyForDeploymentPostprocessing = 0;
		};
/* End PBXSourcesBuildPhase section */

/* Begin PBXVariantGroup section */
		708CA4F321819B620060D88F /* Main.storyboard */ = {
			isa = PBXVariantGroup;
			children = (
				708CA4F421819B620060D88F /* Base */,
			);
			name = Main.storyboard;
			sourceTree = "<group>";
		};
		708CA4F821819B650060D88F /* LaunchScreen.storyboard */ = {
			isa = PBXVariantGroup;
			children = (
				708CA4F921819B650060D88F /* Base */,
			);
			name = LaunchScreen.storyboard;
			sourceTree = "<group>";
		};
/* End PBXVariantGroup section */

/* Begin XCBuildConfiguration section */
		708CA4FE21819B650060D88F /* Debug */ = {
			isa = XCBuildConfiguration;
			buildSettings = {
				ALWAYS_SEARCH_USER_PATHS = NO;
				CLANG_ANALYZER_NONNULL = YES;
				CLANG_ANALYZER_NUMBER_OBJECT_CONVERSION = YES_AGGRESSIVE;
				CLANG_CXX_LANGUAGE_STANDARD = "gnu++14";
				CLANG_CXX_LIBRARY = "libc++";
				CLANG_ENABLE_MODULES = YES;
				CLANG_ENABLE_OBJC_ARC = YES;
				CLANG_ENABLE_OBJC_WEAK = YES;
				CLANG_WARN_BLOCK_CAPTURE_AUTORELEASING = YES;
				CLANG_WARN_BOOL_CONVERSION = YES;
				CLANG_WARN_COMMA = YES;
				CLANG_WARN_CONSTANT_CONVERSION = YES;
				CLANG_WARN_DEPRECATED_OBJC_IMPLEMENTATIONS = YES;
				CLANG_WARN_DIRECT_OBJC_ISA_USAGE = YES_ERROR;
				CLANG_WARN_DOCUMENTATION_COMMENTS = YES;
				CLANG_WARN_EMPTY_BODY = YES;
				CLANG_WARN_ENUM_CONVERSION = YES;
				CLANG_WARN_INFINITE_RECURSION = YES;
				CLANG_WARN_INT_CONVERSION = YES;
				CLANG_WARN_NON_LITERAL_NULL_CONVERSION = YES;
				CLANG_WARN_OBJC_IMPLICIT_RETAIN_SELF = YES;
				CLANG_WARN_OBJC_LITERAL_CONVERSION = YES;
				CLANG_WARN_OBJC_ROOT_CLASS = YES_ERROR;
				CLANG_WARN_RANGE_LOOP_ANALYSIS = YES;
				CLANG_WARN_STRICT_PROTOTYPES = YES;
				CLANG_WARN_SUSPICIOUS_MOVE = YES;
				CLANG_WARN_UNGUARDED_AVAILABILITY = YES_AGGRESSIVE;
				CLANG_WARN_UNREACHABLE_CODE = YES;
				CLANG_WARN__DUPLICATE_METHOD_MATCH = YES;
				CODE_SIGN_IDENTITY = "iPhone Developer";
				COPY_PHASE_STRIP = NO;
				DEBUG_INFORMATION_FORMAT = dwarf;
				ENABLE_STRICT_OBJC_MSGSEND = YES;
				ENABLE_TESTABILITY = YES;
				GCC_C_LANGUAGE_STANDARD = gnu11;
				GCC_DYNAMIC_NO_PIC = NO;
				GCC_NO_COMMON_BLOCKS = YES;
				GCC_OPTIMIZATION_LEVEL = 0;
				GCC_PREPROCESSOR_DEFINITIONS = (
					"DEBUG=1",
					"$(inherited)",
				);
				GCC_WARN_64_TO_32_BIT_CONVERSION = YES;
				GCC_WARN_ABOUT_RETURN_TYPE = YES_ERROR;
				GCC_WARN_UNDECLARED_SELECTOR = YES;
				GCC_WARN_UNINITIALIZED_AUTOS = YES_AGGRESSIVE;
				GCC_WARN_UNUSED_FUNCTION = YES;
				GCC_WARN_UNUSED_VARIABLE = YES;
				IPHONEOS_DEPLOYMENT_TARGET = 8.0;
				MTL_ENABLE_DEBUG_INFO = YES;
				ONLY_ACTIVE_ARCH = YES;
				SDKROOT = iphoneos;
			};
			name = Debug;
		};
		708CA4FF21819B650060D88F /* Release */ = {
			isa = XCBuildConfiguration;
			buildSettings = {
				ALWAYS_SEARCH_USER_PATHS = NO;
				CLANG_ANALYZER_NONNULL = YES;
				CLANG_ANALYZER_NUMBER_OBJECT_CONVERSION = YES_AGGRESSIVE;
				CLANG_CXX_LANGUAGE_STANDARD = "gnu++14";
				CLANG_CXX_LIBRARY = "libc++";
				CLANG_ENABLE_MODULES = YES;
				CLANG_ENABLE_OBJC_ARC = YES;
				CLANG_ENABLE_OBJC_WEAK = YES;
				CLANG_WARN_BLOCK_CAPTURE_AUTORELEASING = YES;
				CLANG_WARN_BOOL_CONVERSION = YES;
				CLANG_WARN_COMMA = YES;
				CLANG_WARN_CONSTANT_CONVERSION = YES;
				CLANG_WARN_DEPRECATED_OBJC_IMPLEMENTATIONS = YES;
				CLANG_WARN_DIRECT_OBJC_ISA_USAGE = YES_ERROR;
				CLANG_WARN_DOCUMENTATION_COMMENTS = YES;
				CLANG_WARN_EMPTY_BODY = YES;
				CLANG_WARN_ENUM_CONVERSION = YES;
				CLANG_WARN_INFINITE_RECURSION = YES;
				CLANG_WARN_INT_CONVERSION = YES;
				CLANG_WARN_NON_LITERAL_NULL_CONVERSION = YES;
				CLANG_WARN_OBJC_IMPLICIT_RETAIN_SELF = YES;
				CLANG_WARN_OBJC_LITERAL_CONVERSION = YES;
				CLANG_WARN_OBJC_ROOT_CLASS = YES_ERROR;
				CLANG_WARN_RANGE_LOOP_ANALYSIS = YES;
				CLANG_WARN_STRICT_PROTOTYPES = YES;
				CLANG_WARN_SUSPICIOUS_MOVE = YES;
				CLANG_WARN_UNGUARDED_AVAILABILITY = YES_AGGRESSIVE;
				CLANG_WARN_UNREACHABLE_CODE = YES;
				CLANG_WARN__DUPLICATE_METHOD_MATCH = YES;
				CODE_SIGN_IDENTITY = "iPhone Developer";
				COPY_PHASE_STRIP = NO;
				DEBUG_INFORMATION_FORMAT = "dwarf-with-dsym";
				ENABLE_NS_ASSERTIONS = NO;
				ENABLE_STRICT_OBJC_MSGSEND = YES;
				GCC_C_LANGUAGE_STANDARD = gnu11;
				GCC_NO_COMMON_BLOCKS = YES;
				GCC_WARN_64_TO_32_BIT_CONVERSION = YES;
				GCC_WARN_ABOUT_RETURN_TYPE = YES_ERROR;
				GCC_WARN_UNDECLARED_SELECTOR = YES;
				GCC_WARN_UNINITIALIZED_AUTOS = YES_AGGRESSIVE;
				GCC_WARN_UNUSED_FUNCTION = YES;
				GCC_WARN_UNUSED_VARIABLE = YES;
				IPHONEOS_DEPLOYMENT_TARGET = 8.0;
				MTL_ENABLE_DEBUG_INFO = NO;
				SDKROOT = iphoneos;
				VALIDATE_PRODUCT = YES;
			};
			name = Release;
		};
		708CA50121819B650060D88F /* Debug */ = {
			isa = XCBuildConfiguration;
			baseConfigurationReference = 2876A0C3AE20ED23BC2F67E4 /* Pods-ehome.debug.xcconfig */;
			buildSettings = {
				ASSETCATALOG_COMPILER_APPICON_NAME = AppIcon;
				CODE_SIGN_STYLE = Automatic;
				DEVELOPMENT_TEAM = G3U8QDW6XV;
				GCC_PREFIX_HEADER = ehome/CommonFile.pch;
				INFOPLIST_FILE = ehome/Info.plist;
				IPHONEOS_DEPLOYMENT_TARGET = 8.0;
				LD_RUNPATH_SEARCH_PATHS = (
					"$(inherited)",
					"@executable_path/Frameworks",
				);
				PRODUCT_BUNDLE_IDENTIFIER = com.huashan.ehome;
				PRODUCT_NAME = "$(TARGET_NAME)";
				TARGETED_DEVICE_FAMILY = "1,2";
			};
			name = Debug;
		};
		708CA50221819B650060D88F /* Release */ = {
			isa = XCBuildConfiguration;
			baseConfigurationReference = E4944A51A85D84A4D7D7FCAD /* Pods-ehome.release.xcconfig */;
			buildSettings = {
				ASSETCATALOG_COMPILER_APPICON_NAME = AppIcon;
				CODE_SIGN_STYLE = Automatic;
				DEVELOPMENT_TEAM = G3U8QDW6XV;
				GCC_PREFIX_HEADER = ehome/CommonFile.pch;
				INFOPLIST_FILE = ehome/Info.plist;
				IPHONEOS_DEPLOYMENT_TARGET = 8.0;
				LD_RUNPATH_SEARCH_PATHS = (
					"$(inherited)",
					"@executable_path/Frameworks",
				);
				PRODUCT_BUNDLE_IDENTIFIER = com.huashan.ehome;
				PRODUCT_NAME = "$(TARGET_NAME)";
				TARGETED_DEVICE_FAMILY = "1,2";
			};
			name = Release;
		};
/* End XCBuildConfiguration section */

/* Begin XCConfigurationList section */
		708CA4E521819B620060D88F /* Build configuration list for PBXProject "ehome" */ = {
			isa = XCConfigurationList;
			buildConfigurations = (
				708CA4FE21819B650060D88F /* Debug */,
				708CA4FF21819B650060D88F /* Release */,
			);
			defaultConfigurationIsVisible = 0;
			defaultConfigurationName = Release;
		};
		708CA50021819B650060D88F /* Build configuration list for PBXNativeTarget "ehome" */ = {
			isa = XCConfigurationList;
			buildConfigurations = (
				708CA50121819B650060D88F /* Debug */,
				708CA50221819B650060D88F /* Release */,
			);
			defaultConfigurationIsVisible = 0;
			defaultConfigurationName = Release;
		};
/* End XCConfigurationList section */
	};
	rootObject = 708CA4E221819B620060D88F /* Project object */;
}
